
Microsoft Visual Studio Solution File, Format Version 12.00
# Visual Studio Version 16
VisualStudioVersion = 16.0.30225.117
MinimumVisualStudioVersion = 15.0.26124.0
Project("{9A19103F-16F7-4668-BE54-9A1E7A4F7556}") = "anemic", "anemic\anemic.csproj", "{6CAE03C6-C00B-4BAB-9AE4-86BF8456517A}"
EndProject
Project("{9A19103F-16F7-4668-BE54-9A1E7A4F7556}") = "rich", "rich\rich.csproj", "{B7E862FA-1582-4641-B2AF-B95EB9278E6E}"
EndProject
Project("{FAE04EC0-301F-11D3-BF4B-00C04F79EFBC}") = "rich.tests", "rich.tests\rich.tests.csproj", "{600E7B14-E453-4224-B6BE-BB8188ADCACA}"
EndProject
Global
	GlobalSection(SolutionConfigurationPlatforms) = preSolution
		Debug|Any CPU = Debug|Any CPU
		Debug|x64 = Debug|x64
		Debug|x86 = Debug|x86
		Release|Any CPU = Release|Any CPU
		Release|x64 = Release|x64
		Release|x86 = Release|x86
	EndGlobalSection
	GlobalSection(ProjectConfigurationPlatforms) = postSolution
		{6CAE03C6-C00B-4BAB-9AE4-86BF8456517A}.Debug|Any CPU.ActiveCfg = Debug|Any CPU
		{6CAE03C6-C00B-4BAB-9AE4-86BF8456517A}.Debug|Any CPU.Build.0 = Debug|Any CPU
		{6CAE03C6-C00B-4BAB-9AE4-86BF8456517A}.Debug|x64.ActiveCfg = Debug|Any CPU
		{6CAE03C6-C00B-4BAB-9AE4-86BF8456517A}.Debug|x64.Build.0 = Debug|Any CPU
		{6CAE03C6-C00B-4BAB-9AE4-86BF8456517A}.Debug|x86.ActiveCfg = Debug|Any CPU
		{6CAE03C6-C00B-4BAB-9AE4-86BF8456517A}.Debug|x86.Build.0 = Debug|Any CPU
		{6CAE03C6-C00B-4BAB-9AE4-86BF8456517A}.Release|Any CPU.ActiveCfg = Release|Any CPU
		{6CAE03C6-C00B-4BAB-9AE4-86BF8456517A}.Release|Any CPU.Build.0 = Release|Any CPU
		{6CAE03C6-C00B-4BAB-9AE4-86BF8456517A}.Release|x64.ActiveCfg = Release|Any CPU
		{6CAE03C6-C00B-4BAB-9AE4-86BF8456517A}.Release|x64.Build.0 = Release|Any CPU
		{6CAE03C6-C00B-4BAB-9AE4-86BF8456517A}.Release|x86.ActiveCfg = Release|Any CPU
		{6CAE03C6-C00B-4BAB-9AE4-86BF8456517A}.Release|x86.Build.0 = Release|Any CPU
		{B7E862FA-1582-4641-B2AF-B95EB9278E6E}.Debug|Any CPU.ActiveCfg = Debug|Any CPU
		{B7E862FA-1582-4641-B2AF-B95EB9278E6E}.Debug|Any CPU.Build.0 = Debug|Any CPU
		{B7E862FA-1582-4641-B2AF-B95EB9278E6E}.Debug|x64.ActiveCfg = Debug|Any CPU
		{B7E862FA-1582-4641-B2AF-B95EB9278E6E}.Debug|x64.Build.0 = Debug|Any CPU
		{B7E862FA-1582-4641-B2AF-B95EB9278E6E}.Debug|x86.ActiveCfg = Debug|Any CPU
		{B7E862FA-1582-4641-B2AF-B95EB9278E6E}.Debug|x86.Build.0 = Debug|Any CPU
		{B7E862FA-1582-4641-B2AF-B95EB9278E6E}.Release|Any CPU.ActiveCfg = Release|Any CPU
		{B7E862FA-1582-4641-B2AF-B95EB9278E6E}.Release|Any CPU.Build.0 = Release|Any CPU
		{B7E862FA-1582-4641-B2AF-B95EB9278E6E}.Release|x64.ActiveCfg = Release|Any CPU
		{B7E862FA-1582-4641-B2AF-B95EB9278E6E}.Release|x64.Build.0 = Release|Any CPU
		{B7E862FA-1582-4641-B2AF-B95EB9278E6E}.Release|x86.ActiveCfg = Release|Any CPU
		{B7E862FA-1582-4641-B2AF-B95EB9278E6E}.Release|x86.Build.0 = Release|Any CPU
		{600E7B14-E453-4224-B6BE-BB8188ADCACA}.Debug|Any CPU.ActiveCfg = Debug|Any CPU
		{600E7B14-E453-4224-B6BE-BB8188ADCACA}.Debug|Any CPU.Build.0 = Debug|Any CPU
		{600E7B14-E453-4224-B6BE-BB8188ADCACA}.Debug|x64.ActiveCfg = Debug|Any CPU
		{600E7B14-E453-4224-B6BE-BB8188ADCACA}.Debug|x64.Build.0 = Debug|Any CPU
		{600E7B14-E453-4224-B6BE-BB8188ADCACA}.Debug|x86.ActiveCfg = Debug|Any CPU
		{600E7B14-E453-4224-B6BE-BB8188ADCACA}.Debug|x86.Build.0 = Debug|Any CPU
		{600E7B14-E453-4224-B6BE-BB8188ADCACA}.Release|Any CPU.ActiveCfg = Release|Any CPU
		{600E7B14-E453-4224-B6BE-BB8188ADCACA}.Release|Any CPU.Build.0 = Release|Any CPU
		{600E7B14-E453-4224-B6BE-BB8188ADCACA}.Release|x64.ActiveCfg = Release|Any CPU
		{600E7B14-E453-4224-B6BE-BB8188ADCACA}.Release|x64.Build.0 = Release|Any CPU
		{600E7B14-E453-4224-B6BE-BB8188ADCACA}.Release|x86.ActiveCfg = Release|Any CPU
		{600E7B14-E453-4224-B6BE-BB8188ADCACA}.Release|x86.Build.0 = Release|Any CPU
	EndGlobalSection
	GlobalSection(SolutionProperties) = preSolution
		HideSolutionNode = FALSE
	EndGlobalSection
	GlobalSection(ExtensibilityGlobals) = postSolution
		SolutionGuid = {43980A86-F1A3-4612-B7BE-808F05D49C5B}
	EndGlobalSection
EndGlobal
